
Microsoft Visual Studio Solution File, Format Version 12.00
# Visual Studio Version 16
VisualStudioVersion = 16.0.29326.143
MinimumVisualStudioVersion = 10.0.40219.1
Project("{9A19103F-16F7-4668-BE54-9A1E7A4F7556}") = "useradmin_mvc_test", "useradmin_mvc_test\useradmin_mvc_test.csproj", "{D0546F89-DEEC-43AA-9BB8-B862E43275D7}"
EndProject
Project("{9A19103F-16F7-4668-BE54-9A1E7A4F7556}") = "useradmin_spa_test", "useradmin_spa_test\useradmin_spa_test.csproj", "{8A91992C-C956-41B4-9063-530F7E88B04B}"
EndProject
Project("{9A19103F-16F7-4668-BE54-9A1E7A4F7556}") = "UserAdminLib", "UserAdminLib\UserAdminLib.csproj", "{165C304C-1C4C-46F4-A558-042CAFB378F2}"
EndProject
Project("{2150E333-8FDC-42A3-9474-1A3956D46DE8}") = "demo", "demo", "{818C545A-EA6A-477B-9216-FF09993B4D49}"
EndProject
Project("{FAE04EC0-301F-11D3-BF4B-00C04F79EFBC}") = "RoleDb", "RoleDb\RoleDb.csproj", "{E713A480-CB90-47F1-8055-CE0349EE42C0}"
EndProject
Global
	GlobalSection(SolutionConfigurationPlatforms) = preSolution
		Debug|Any CPU = Debug|Any CPU
		Release|Any CPU = Release|Any CPU
	EndGlobalSection
	GlobalSection(ProjectConfigurationPlatforms) = postSolution
		{D0546F89-DEEC-43AA-9BB8-B862E43275D7}.Debug|Any CPU.ActiveCfg = Debug|Any CPU
		{D0546F89-DEEC-43AA-9BB8-B862E43275D7}.Debug|Any CPU.Build.0 = Debug|Any CPU
		{D0546F89-DEEC-43AA-9BB8-B862E43275D7}.Release|Any CPU.ActiveCfg = Release|Any CPU
		{D0546F89-DEEC-43AA-9BB8-B862E43275D7}.Release|Any CPU.Build.0 = Release|Any CPU
		{8A91992C-C956-41B4-9063-530F7E88B04B}.Debug|Any CPU.ActiveCfg = Debug|Any CPU
		{8A91992C-C956-41B4-9063-530F7E88B04B}.Debug|Any CPU.Build.0 = Debug|Any CPU
		{8A91992C-C956-41B4-9063-530F7E88B04B}.Release|Any CPU.ActiveCfg = Release|Any CPU
		{8A91992C-C956-41B4-9063-530F7E88B04B}.Release|Any CPU.Build.0 = Release|Any CPU
		{165C304C-1C4C-46F4-A558-042CAFB378F2}.Debug|Any CPU.ActiveCfg = Debug|Any CPU
		{165C304C-1C4C-46F4-A558-042CAFB378F2}.Debug|Any CPU.Build.0 = Debug|Any CPU
		{165C304C-1C4C-46F4-A558-042CAFB378F2}.Release|Any CPU.ActiveCfg = Release|Any CPU
		{165C304C-1C4C-46F4-A558-042CAFB378F2}.Release|Any CPU.Build.0 = Release|Any CPU
		{E713A480-CB90-47F1-8055-CE0349EE42C0}.Debug|Any CPU.ActiveCfg = Debug|Any CPU
		{E713A480-CB90-47F1-8055-CE0349EE42C0}.Debug|Any CPU.Build.0 = Debug|Any CPU
		{E713A480-CB90-47F1-8055-CE0349EE42C0}.Release|Any CPU.ActiveCfg = Release|Any CPU
		{E713A480-CB90-47F1-8055-CE0349EE42C0}.Release|Any CPU.Build.0 = Release|Any CPU
	EndGlobalSection
	GlobalSection(SolutionProperties) = preSolution
		HideSolutionNode = FALSE
	EndGlobalSection
	GlobalSection(NestedProjects) = preSolution
		{D0546F89-DEEC-43AA-9BB8-B862E43275D7} = {818C545A-EA6A-477B-9216-FF09993B4D49}
		{8A91992C-C956-41B4-9063-530F7E88B04B} = {818C545A-EA6A-477B-9216-FF09993B4D49}
	EndGlobalSection
	GlobalSection(ExtensibilityGlobals) = postSolution
		SolutionGuid = {F82AC61E-D87D-4CB6-A3E8-8575F547D3AB}
	EndGlobalSection
EndGlobal
